Microsoft Visual Studio Solution File, Format Version 12.00
# Visual Studio Version 17
VisualStudioVersion = 17.5.2.0
MinimumVisualStudioVersion = 10.0.40219.1
Project("{FAE04EC0-301F-11D3-BF4B-00C04F79EFBC}") = "Flow.Launcher.Plugin.FlClicker", "Flow.Launcher.Plugin.FlClicker.csproj", "{A9A35E27-E46D-ECDE-4DB1-9FD1A2995635}"
EndProject
Global
	GlobalSection(SolutionConfigurationPlatforms) = preSolution
		Debug|Any CPU = Debug|Any CPU
		Release|Any CPU = Release|Any CPU
	EndGlobalSection
	GlobalSection(ProjectConfigurationPlatforms) = postSolution
		{A9A35E27-E46D-ECDE-4DB1-9FD1A2995635}.Debug|Any CPU.ActiveCfg = Debug|Any CPU
		{A9A35E27-E46D-ECDE-4DB1-9FD1A2995635}.Debug|Any CPU.Build.0 = Debug|Any CPU
		{A9A35E27-E46D-ECDE-4DB1-9FD1A2995635}.Release|Any CPU.ActiveCfg = Release|Any CPU
		{A9A35E27-E46D-ECDE-4DB1-9FD1A2995635}.Release|Any CPU.Build.0 = Release|Any CPU
	EndGlobalSection
	GlobalSection(SolutionProperties) = preSolution
		HideSolutionNode = FALSE
	EndGlobalSection
	GlobalSection(ExtensibilityGlobals) = postSolution
		SolutionGuid = {7B966E6B-7A87-4E1C-AB2C-975E54CC64A3}
	EndGlobalSection
EndGlobal
